
Microsoft Visual Studio Solution File, Format Version 12.00
# Visual Studio Version 17
VisualStudioVersion = 17.3.32922.545
MinimumVisualStudioVersion = 10.0.40219.1
Project("{FAE04EC0-301F-11D3-BF4B-00C04F79EFBC}") = "Demo Web", "Demo Web\Demo Web.csproj", "{F7C6E367-3E12-49A3-AB24-45D0EF345879}"
EndProject
Global
	GlobalSection(SolutionConfigurationPlatforms) = preSolution
		Debug|Any CPU = Debug|Any CPU
		Release|Any CPU = Release|Any CPU
	EndGlobalSection
	GlobalSection(ProjectConfigurationPlatforms) = postSolution
		{F7C6E367-3E12-49A3-AB24-45D0EF345879}.Debug|Any CPU.ActiveCfg = Debug|Any CPU
		{F7C6E367-3E12-49A3-AB24-45D0EF345879}.Debug|Any CPU.Build.0 = Debug|Any CPU
		{F7C6E367-3E12-49A3-AB24-45D0EF345879}.Release|Any CPU.ActiveCfg = Release|Any CPU
		{F7C6E367-3E12-49A3-AB24-45D0EF345879}.Release|Any CPU.Build.0 = Release|Any CPU
	EndGlobalSection
	GlobalSection(SolutionProperties) = preSolution
		HideSolutionNode = FALSE
	EndGlobalSection
	GlobalSection(ExtensibilityGlobals) = postSolution
		SolutionGuid = {26431E69-1A5D-4AA2-8FF3-D7660B9C6B10}
	EndGlobalSection
EndGlobal
